
Microsoft Visual Studio Solution File, Format Version 12.00
# Visual Studio Version 16
VisualStudioVersion = 16.0.31729.503
MinimumVisualStudioVersion = 10.0.40219.1
Project("{FAE04EC0-301F-11D3-BF4B-00C04F79EFBC}") = "ConsoleAppTest", "ConsoleAppTest.csproj", "{EC9552B8-B7B2-41F8-95CE-C4767F064478}"
EndProject
Global
	GlobalSection(SolutionConfigurationPlatforms) = preSolution
		Debug|Any CPU = Debug|Any CPU
		Release|Any CPU = Release|Any CPU
	EndGlobalSection
	GlobalSection(ProjectConfigurationPlatforms) = postSolution
		{EC9552B8-B7B2-41F8-95CE-C4767F064478}.Debug|Any CPU.ActiveCfg = Debug|Any CPU
		{EC9552B8-B7B2-41F8-95CE-C4767F064478}.Debug|Any CPU.Build.0 = Debug|Any CPU
		{EC9552B8-B7B2-41F8-95CE-C4767F064478}.Release|Any CPU.ActiveCfg = Release|Any CPU
		{EC9552B8-B7B2-41F8-95CE-C4767F064478}.Release|Any CPU.Build.0 = Release|Any CPU
	EndGlobalSection
	GlobalSection(SolutionProperties) = preSolution
		HideSolutionNode = FALSE
	EndGlobalSection
	GlobalSection(ExtensibilityGlobals) = postSolution
		SolutionGuid = {9323AA99-ADFA-4BBB-900B-46BD92E02A64}
	EndGlobalSection
EndGlobal
